
Microsoft Visual Studio Solution File, Format Version 12.00
# Visual Studio Version 16
VisualStudioVersion = 16.0.29806.167
MinimumVisualStudioVersion = 10.0.40219.1
Project("{9A19103F-16F7-4668-BE54-9A1E7A4F7556}") = "TeamBuilderPkmnASP", "TeamBuilderPkmnASP.csproj", "{446E8FDB-7D47-40D0-BC41-DF385EFBC61F}"
EndProject
Project("{2150E333-8FDC-42A3-9474-1A3956D46DE8}") = "Solution Items", "Solution Items", "{E294B448-2948-4271-B8D6-A2F10ED065FA}"
	ProjectSection(SolutionItems) = preProject
		.editorconfig = .editorconfig
	EndProjectSection
EndProject
Global
	GlobalSection(SolutionConfigurationPlatforms) = preSolution
		Debug|Any CPU = Debug|Any CPU
		Debug|x64 = Debug|x64
		Debug|x86 = Debug|x86
		Release|Any CPU = Release|Any CPU
		Release|x64 = Release|x64
		Release|x86 = Release|x86
	EndGlobalSection
	GlobalSection(ProjectConfigurationPlatforms) = postSolution
		{446E8FDB-7D47-40D0-BC41-DF385EFBC61F}.Debug|Any CPU.ActiveCfg = Debug|Any CPU
		{446E8FDB-7D47-40D0-BC41-DF385EFBC61F}.Debug|Any CPU.Build.0 = Debug|Any CPU
		{446E8FDB-7D47-40D0-BC41-DF385EFBC61F}.Debug|x64.ActiveCfg = Debug|Any CPU
		{446E8FDB-7D47-40D0-BC41-DF385EFBC61F}.Debug|x64.Build.0 = Debug|Any CPU
		{446E8FDB-7D47-40D0-BC41-DF385EFBC61F}.Debug|x86.ActiveCfg = Debug|Any CPU
		{446E8FDB-7D47-40D0-BC41-DF385EFBC61F}.Debug|x86.Build.0 = Debug|Any CPU
		{446E8FDB-7D47-40D0-BC41-DF385EFBC61F}.Release|Any CPU.ActiveCfg = Release|Any CPU
		{446E8FDB-7D47-40D0-BC41-DF385EFBC61F}.Release|Any CPU.Build.0 = Release|Any CPU
		{446E8FDB-7D47-40D0-BC41-DF385EFBC61F}.Release|x64.ActiveCfg = Release|Any CPU
		{446E8FDB-7D47-40D0-BC41-DF385EFBC61F}.Release|x64.Build.0 = Release|Any CPU
		{446E8FDB-7D47-40D0-BC41-DF385EFBC61F}.Release|x86.ActiveCfg = Release|Any CPU
		{446E8FDB-7D47-40D0-BC41-DF385EFBC61F}.Release|x86.Build.0 = Release|Any CPU
	EndGlobalSection
	GlobalSection(SolutionProperties) = preSolution
		HideSolutionNode = FALSE
	EndGlobalSection
	GlobalSection(ExtensibilityGlobals) = postSolution
		SolutionGuid = {055A69E4-A442-4A3D-B059-E56927D01362}
	EndGlobalSection
EndGlobal
